<?xml version="1.0" encoding="utf-8"?>
<Project ToolsVersion="4.0" xmlns="http://schemas.microsoft.com/developer/msbuild/2003">
  <ItemGroup>
    <ClInclude Include="Rhino.h" />
    <ClInclude Include="RenderSystem\RRenderSystem.h">
      <Filter>RenderSystem</Filter>
    </ClInclude>
    <ClInclude Include="Core\IApp.h">
      <Filter>Core</Filter>
    </ClInclude>
    <ClInclude Include="Core\MathHelper.h">
      <Filter>Core</Filter>
    </ClInclude>
    <ClInclude Include="Core\REngine.h">
      <Filter>Core</Filter>
    </ClInclude>
    <ClInclude Include="Core\RInput.h">
      <Filter>Core</Filter>
    </ClInclude>
    <ClInclude Include="Core\RSingleton.h">
      <Filter>Core</Filter>
    </ClInclude>
    <ClInclude Include="Core\RTimer.h">
      <Filter>Core</Filter>
    </ClInclude>
    <ClInclude Include="RenderSystem\d3dUtil.h">
      <Filter>RenderSystem</Filter>
    </ClInclude>
    <ClInclude Include="RenderSystem\RMeshElement.h">
      <Filter>RenderSystem</Filter>
    </ClInclude>
    <ClInclude Include="RenderSystem\DDSTextureLoader.h">
      <Filter>RenderSystem</Filter>
    </ClInclude>
    <ClInclude Include="Scene\RSceneObject.h">
      <Filter>Scene</Filter>
    </ClInclude>
    <ClInclude Include="Scene\RSMeshObject.h">
      <Filter>Scene</Filter>
    </ClInclude>
    <ClInclude Include="RenderSystem\RMesh.h">
      <Filter>RenderSystem</Filter>
    </ClInclude>
    <ClInclude Include="RenderSystem\RResourceManager.h">
      <Filter>RenderSystem</Filter>
    </ClInclude>
    <ClInclude Include="RenderSystem\RShaderManager.h">
      <Filter>RenderSystem</Filter>
    </ClInclude>
    <ClInclude Include="Core\RVector.h">
      <Filter>Core</Filter>
    </ClInclude>
    <ClInclude Include="Core\RMatrix.h">
      <Filter>Core</Filter>
    </ClInclude>
    <ClInclude Include="Core\RColor.h">
      <Filter>Core</Filter>
    </ClInclude>
    <ClInclude Include="RenderSystem\IResource.h">
      <Filter>RenderSystem</Filter>
    </ClInclude>
    <ClInclude Include="RenderSystem\RTexture.h">
      <Filter>RenderSystem</Filter>
    </ClInclude>
    <ClInclude Include="Core\RAabb.h">
      <Filter>Core</Filter>
    </ClInclude>
    <ClInclude Include="Core\RRay.h">
      <Filter>Core</Filter>
    </ClInclude>
    <ClInclude Include="RenderSystem\RVertexDeclaration.h">
      <Filter>RenderSystem</Filter>
    </ClInclude>
    <ClInclude Include="Scene\RSkybox.h">
      <Filter>Scene</Filter>
    </ClInclude>
    <ClInclude Include="RenderSystem\RShadowMap.h">
      <Filter>RenderSystem</Filter>
    </ClInclude>
    <ClInclude Include="RenderSystem\RShaderConstantBuffer.h">
      <Filter>RenderSystem</Filter>
    </ClInclude>
    <ClInclude Include="tinyxml2\tinyxml2.h">
      <Filter>tinyxml2</Filter>
    </ClInclude>
    <ClInclude Include="RenderSystem\RAnimation.h">
      <Filter>RenderSystem</Filter>
    </ClInclude>
    <ClInclude Include="RenderSystem\RDebugRenderer.h">
      <Filter>RenderSystem</Filter>
    </ClInclude>
    <ClInclude Include="Collision\RCollision.h">
      <Filter>Collision</Filter>
    </ClInclude>
    <ClInclude Include="Scene\RCamera.h">
      <Filter>Scene</Filter>
    </ClInclude>
    <ClInclude Include="Scene\RScene.h">
      <Filter>Scene</Filter>
    </ClInclude>
  </ItemGroup>
  <ItemGroup>
    <ClCompile Include="RenderSystem\RRenderSystem.cpp">
      <Filter>RenderSystem</Filter>
    </ClCompile>
    <ClCompile Include="Core\MathHelper.cpp">
      <Filter>Core</Filter>
    </ClCompile>
    <ClCompile Include="Core\REngine.cpp">
      <Filter>Core</Filter>
    </ClCompile>
    <ClCompile Include="Core\RInput.cpp">
      <Filter>Core</Filter>
    </ClCompile>
    <ClCompile Include="Core\RTimer.cpp">
      <Filter>Core</Filter>
    </ClCompile>
    <ClCompile Include="RenderSystem\RMeshElement.cpp">
      <Filter>RenderSystem</Filter>
    </ClCompile>
    <ClCompile Include="RenderSystem\DDSTextureLoader.cpp">
      <Filter>RenderSystem</Filter>
    </ClCompile>
    <ClCompile Include="Scene\RSceneObject.cpp">
      <Filter>Scene</Filter>
    </ClCompile>
    <ClCompile Include="Scene\RSMeshObject.cpp">
      <Filter>Scene</Filter>
    </ClCompile>
    <ClCompile Include="RenderSystem\RMesh.cpp">
      <Filter>RenderSystem</Filter>
    </ClCompile>
    <ClCompile Include="RenderSystem\RResourceManager.cpp">
      <Filter>RenderSystem</Filter>
    </ClCompile>
    <ClCompile Include="RenderSystem\RShaderManager.cpp">
      <Filter>RenderSystem</Filter>
    </ClCompile>
    <ClCompile Include="Core\RMatrix.cpp">
      <Filter>Core</Filter>
    </ClCompile>
    <ClCompile Include="RenderSystem\RTexture.cpp">
      <Filter>RenderSystem</Filter>
    </ClCompile>
    <ClCompile Include="Core\RAabb.cpp">
      <Filter>Core</Filter>
    </ClCompile>
    <ClCompile Include="Core\RRay.cpp">
      <Filter>Core</Filter>
    </ClCompile>
    <ClCompile Include="RenderSystem\RVertexDeclaration.cpp">
      <Filter>RenderSystem</Filter>
    </ClCompile>
    <ClCompile Include="Scene\RSkybox.cpp">
      <Filter>Scene</Filter>
    </ClCompile>
    <ClCompile Include="RenderSystem\RShadowMap.cpp">
      <Filter>RenderSystem</Filter>
    </ClCompile>
    <ClCompile Include="tinyxml2\tinyxml2.cpp">
      <Filter>tinyxml2</Filter>
    </ClCompile>
    <ClCompile Include="RenderSystem\RAnimation.cpp">
      <Filter>RenderSystem</Filter>
    </ClCompile>
    <ClCompile Include="RenderSystem\RDebugRenderer.cpp">
      <Filter>RenderSystem</Filter>
    </ClCompile>
    <ClCompile Include="Collision\RCollision.cpp">
      <Filter>Collision</Filter>
    </ClCompile>
    <ClCompile Include="Scene\RCamera.cpp">
      <Filter>Scene</Filter>
    </ClCompile>
    <ClCompile Include="Scene\RScene.cpp">
      <Filter>Scene</Filter>
    </ClCompile>
  </ItemGroup>
  <ItemGroup>
    <Filter Include="RenderSystem">
      <UniqueIdentifier>{d3663347-2740-4e4d-b862-1f940b38eb26}</UniqueIdentifier>
    </Filter>
    <Filter Include="Core">
      <UniqueIdentifier>{ac872a28-85d0-4ca2-9a1b-167a5b929989}</UniqueIdentifier>
    </Filter>
    <Filter Include="Scene">
      <UniqueIdentifier>{0a958409-2fbf-47bd-b9c5-037fa3a873c3}</UniqueIdentifier>
    </Filter>
    <Filter Include="HLSL">
      <UniqueIdentifier>{9b99e0c2-1d7d-45be-9967-cfc356feae03}</UniqueIdentifier>
    </Filter>
    <Filter Include="tinyxml2">
      <UniqueIdentifier>{d7042b42-536a-46b9-a83e-eb98c7265624}</UniqueIdentifier>
    </Filter>
    <Filter Include="Collision">
      <UniqueIdentifier>{a18b39c6-87e9-4475-b9cc-10439a62b8c3}</UniqueIdentifier>
    </Filter>
  </ItemGroup>
  <ItemGroup>
    <None Include="RhinoEngine.licenseheader" />
  </ItemGroup>
  <ItemGroup>
    <FxCompile Include="HLSL\RMeshVertexSignature.hlsl">
      <Filter>HLSL</Filter>
    </FxCompile>
    <FxCompile Include="HLSL\RPrimitiveVertexSignature.hlsl">
      <Filter>HLSL</Filter>
    </FxCompile>
    <FxCompile Include="HLSL\RSkyboxVertexSignature.hlsl">
      <Filter>HLSL</Filter>
    </FxCompile>
    <FxCompile Include="HLSL\RParticleVertexSignature.hlsl">
      <Filter>HLSL</Filter>
    </FxCompile>
    <FxCompile Include="HLSL\RFontVertexSignature.hlsl">
      <Filter>HLSL</Filter>
    </FxCompile>
  </ItemGroup>
</Project>