<?xml version="1.0" encoding="utf-8"?>
<Project ToolsVersion="4.0" xmlns="http://schemas.microsoft.com/developer/msbuild/2003">
  <ItemGroup>
    <ClInclude Include="Rhino.h" />
    <ClInclude Include="RenderSystem\RRenderSystem.h">
      <Filter>RenderSystem</Filter>
    </ClInclude>
    <ClInclude Include="Core\IApp.h">
      <Filter>Core</Filter>
    </ClInclude>
    <ClInclude Include="Core\MathHelper.h">
      <Filter>Core</Filter>
    </ClInclude>
    <ClInclude Include="Core\REngine.h">
      <Filter>Core</Filter>
    </ClInclude>
    <ClInclude Include="Core\RInput.h">
      <Filter>Core</Filter>
    </ClInclude>
    <ClInclude Include="Core\RSingleton.h">
      <Filter>Core</Filter>
    </ClInclude>
    <ClInclude Include="Core\RTimer.h">
      <Filter>Core</Filter>
    </ClInclude>
    <ClInclude Include="RenderSystem\d3dUtil.h">
      <Filter>RenderSystem</Filter>
    </ClInclude>
    <ClInclude Include="RenderSystem\RMeshElement.h">
      <Filter>RenderSystem</Filter>
    </ClInclude>
  </ItemGroup>
  <ItemGroup>
    <ClCompile Include="RenderSystem\RRenderSystem.cpp">
      <Filter>RenderSystem</Filter>
    </ClCompile>
    <ClCompile Include="Core\MathHelper.cpp">
      <Filter>Core</Filter>
    </ClCompile>
    <ClCompile Include="Core\REngine.cpp">
      <Filter>Core</Filter>
    </ClCompile>
    <ClCompile Include="Core\RInput.cpp">
      <Filter>Core</Filter>
    </ClCompile>
    <ClCompile Include="Core\RTimer.cpp">
      <Filter>Core</Filter>
    </ClCompile>
    <ClCompile Include="RenderSystem\RMeshElement.cpp">
      <Filter>RenderSystem</Filter>
    </ClCompile>
  </ItemGroup>
  <ItemGroup>
    <Filter Include="RenderSystem">
      <UniqueIdentifier>{d3663347-2740-4e4d-b862-1f940b38eb26}</UniqueIdentifier>
    </Filter>
    <Filter Include="Core">
      <UniqueIdentifier>{ac872a28-85d0-4ca2-9a1b-167a5b929989}</UniqueIdentifier>
    </Filter>
  </ItemGroup>
</Project>